// !$*UTF8*$!
{
	archiveVersion = 1;
	classes = {
	};
	objectVersion = 52;
	objects = {

/* Begin PBXBuildFile section */
		5B37249626F695B400689023 /* MovieDetailsViewController.swift in Sources */ = {isa = PBXBuildFile; fileRef = 5B37249526F695B400689023 /* MovieDetailsViewController.swift */; };
		5B37249826FAFB1F00689023 /* MovieGridViewController.swift in Sources */ = {isa = PBXBuildFile; fileRef = 5B37249726FAFB1F00689023 /* MovieGridViewController.swift */; };
		5B37249A26FBE9F000689023 /* MovieGridCell.swift in Sources */ = {isa = PBXBuildFile; fileRef = 5B37249926FBE9F000689023 /* MovieGridCell.swift */; };
		5B7F772926E1FBFF0095E997 /* AppDelegate.swift in Sources */ = {isa = PBXBuildFile; fileRef = 5B7F772826E1FBFF0095E997 /* AppDelegate.swift */; };
		5B7F772B26E1FBFF0095E997 /* SceneDelegate.swift in Sources */ = {isa = PBXBuildFile; fileRef = 5B7F772A26E1FBFF0095E997 /* SceneDelegate.swift */; };
		5B7F773026E1FBFF0095E997 /* Main.storyboard in Resources */ = {isa = PBXBuildFile; fileRef = 5B7F772E26E1FBFF0095E997 /* Main.storyboard */; };
		5B7F773226E1FC020095E997 /* Assets.xcassets in Resources */ = {isa = PBXBuildFile; fileRef = 5B7F773126E1FC020095E997 /* Assets.xcassets */; };
		5B7F773526E1FC020095E997 /* LaunchScreen.storyboard in Resources */ = {isa = PBXBuildFile; fileRef = 5B7F773326E1FC020095E997 /* LaunchScreen.storyboard */; };
		5B7F774026E1FC030095E997 /* assignment1Tests.swift in Sources */ = {isa = PBXBuildFile; fileRef = 5B7F773F26E1FC030095E997 /* assignment1Tests.swift */; };
		5B7F774B26E1FC030095E997 /* assignment1UITests.swift in Sources */ = {isa = PBXBuildFile; fileRef = 5B7F774A26E1FC030095E997 /* assignment1UITests.swift */; };
		5B7F775A26E20D1A0095E997 /* AlamofireImage in Frameworks */ = {isa = PBXBuildFile; productRef = 5B7F775926E20D1A0095E997 /* AlamofireImage */; };
		5B7F775C26E224CD0095E997 /* MovieViewController.swift in Sources */ = {isa = PBXBuildFile; fileRef = 5B7F775B26E224CD0095E997 /* MovieViewController.swift */; };
		5B7F779E26E482FA0095E997 /* MovieCell.swift in Sources */ = {isa = PBXBuildFile; fileRef = 5B7F779D26E482FA0095E997 /* MovieCell.swift */; };
/* End PBXBuildFile section */

/* Begin PBXContainerItemProxy section */
		5B7F773C26E1FC030095E997 /* PBXContainerItemProxy */ = {
			isa = PBXContainerItemProxy;
			containerPortal = 5B7F771D26E1FBFF0095E997 /* Project object */;
			proxyType = 1;
			remoteGlobalIDString = 5B7F772426E1FBFF0095E997;
			remoteInfo = assignment1;
		};
		5B7F774726E1FC030095E997 /* PBXContainerItemProxy */ = {
			isa = PBXContainerItemProxy;
			containerPortal = 5B7F771D26E1FBFF0095E997 /* Project object */;
			proxyType = 1;
			remoteGlobalIDString = 5B7F772426E1FBFF0095E997;
			remoteInfo = assignment1;
		};
/* End PBXContainerItemProxy section */

/* Begin PBXFileReference section */
		5B37249526F695B400689023 /* MovieDetailsViewController.swift */ = {isa = PBXFileReference; lastKnownFileType = sourcecode.swift; path = MovieDetailsViewController.swift; sourceTree = "<group>"; };
		5B37249726FAFB1F00689023 /* MovieGridViewController.swift */ = {isa = PBXFileReference; lastKnownFileType = sourcecode.swift; path = MovieGridViewController.swift; sourceTree = "<group>"; };
		5B37249926FBE9F000689023 /* MovieGridCell.swift */ = {isa = PBXFileReference; lastKnownFileType = sourcecode.swift; path = MovieGridCell.swift; sourceTree = "<group>"; };
		5B7F772526E1FBFF0095E997 /* Flix.app */ = {isa = PBXFileReference; explicitFileType = wrapper.application; includeInIndex = 0; path = Flix.app; sourceTree = BUILT_PRODUCTS_DIR; };
		5B7F772826E1FBFF0095E997 /* AppDelegate.swift */ = {isa = PBXFileReference; lastKnownFileType = sourcecode.swift; path = AppDelegate.swift; sourceTree = "<group>"; };
		5B7F772A26E1FBFF0095E997 /* SceneDelegate.swift */ = {isa = PBXFileReference; lastKnownFileType = sourcecode.swift; path = SceneDelegate.swift; sourceTree = "<group>"; };
		5B7F772F26E1FBFF0095E997 /* Base */ = {isa = PBXFileReference; lastKnownFileType = file.storyboard; name = Base; path = Base.lproj/Main.storyboard; sourceTree = "<group>"; };
		5B7F773126E1FC020095E997 /* Assets.xcassets */ = {isa = PBXFileReference; lastKnownFileType = folder.assetcatalog; path = Assets.xcassets; sourceTree = "<group>"; };
		5B7F773426E1FC020095E997 /* Base */ = {isa = PBXFileReference; lastKnownFileType = file.storyboard; name = Base; path = Base.lproj/LaunchScreen.storyboard; sourceTree = "<group>"; };
		5B7F773626E1FC020095E997 /* Info.plist */ = {isa = PBXFileReference; lastKnownFileType = text.plist.xml; path = Info.plist; sourceTree = "<group>"; };
		5B7F773B26E1FC030095E997 /* FlixTests.xctest */ = {isa = PBXFileReference; explicitFileType = wrapper.cfbundle; includeInIndex = 0; path = FlixTests.xctest; sourceTree = BUILT_PRODUCTS_DIR; };
		5B7F773F26E1FC030095E997 /* assignment1Tests.swift */ = {isa = PBXFileReference; lastKnownFileType = sourcecode.swift; path = assignment1Tests.swift; sourceTree = "<group>"; };
		5B7F774126E1FC030095E997 /* Info.plist */ = {isa = PBXFileReference; lastKnownFileType = text.plist.xml; path = Info.plist; sourceTree = "<group>"; };
		5B7F774626E1FC030095E997 /* FlixUITests.xctest */ = {isa = PBXFileReference; explicitFileType = wrapper.cfbundle; includeInIndex = 0; path = FlixUITests.xctest; sourceTree = BUILT_PRODUCTS_DIR; };
		5B7F774A26E1FC030095E997 /* assignment1UITests.swift */ = {isa = PBXFileReference; lastKnownFileType = sourcecode.swift; path = assignment1UITests.swift; sourceTree = "<group>"; };
		5B7F774C26E1FC030095E997 /* Info.plist */ = {isa = PBXFileReference; lastKnownFileType = text.plist.xml; path = Info.plist; sourceTree = "<group>"; };
		5B7F775B26E224CD0095E997 /* MovieViewController.swift */ = {isa = PBXFileReference; lastKnownFileType = sourcecode.swift; path = MovieViewController.swift; sourceTree = "<group>"; };
		5B7F779D26E482FA0095E997 /* MovieCell.swift */ = {isa = PBXFileReference; lastKnownFileType = sourcecode.swift; path = MovieCell.swift; sourceTree = "<group>"; };
/* End PBXFileReference section */

/* Begin PBXFrameworksBuildPhase section */
		5B7F772226E1FBFF0095E997 /* Frameworks */ = {
			isa = PBXFrameworksBuildPhase;
			buildActionMask = 2147483647;
			files = (
				5B7F775A26E20D1A0095E997 /* AlamofireImage in Frameworks */,
			);
			runOnlyForDeploymentPostprocessing = 0;
		};
		5B7F773826E1FC030095E997 /* Frameworks */ = {
			isa = PBXFrameworksBuildPhase;
			buildActionMask = 2147483647;
			files = (
			);
			runOnlyForDeploymentPostprocessing = 0;
		};
		5B7F774326E1FC030095E997 /* Frameworks */ = {
			isa = PBXFrameworksBuildPhase;
			buildActionMask = 2147483647;
			files = (
			);
			runOnlyForDeploymentPostprocessing = 0;
		};
/* End PBXFrameworksBuildPhase section */

/* Begin PBXGroup section */
		5B7F771C26E1FBFF0095E997 = {
			isa = PBXGroup;
			children = (
				5B7F772726E1FBFF0095E997 /* Flix */,
				5B7F773E26E1FC030095E997 /* FlixTests */,
				5B7F774926E1FC030095E997 /* FlixUITests */,
				5B7F772626E1FBFF0095E997 /* Products */,
			);
			sourceTree = "<group>";
		};
		5B7F772626E1FBFF0095E997 /* Products */ = {
			isa = PBXGroup;
			children = (
				5B7F772526E1FBFF0095E997 /* Flix.app */,
				5B7F773B26E1FC030095E997 /* FlixTests.xctest */,
				5B7F774626E1FC030095E997 /* FlixUITests.xctest */,
			);
			name = Products;
			sourceTree = "<group>";
		};
		5B7F772726E1FBFF0095E997 /* Flix */ = {
			isa = PBXGroup;
			children = (
				5B7F772826E1FBFF0095E997 /* AppDelegate.swift */,
				5B7F772A26E1FBFF0095E997 /* SceneDelegate.swift */,
				5B7F772E26E1FBFF0095E997 /* Main.storyboard */,
				5B7F773126E1FC020095E997 /* Assets.xcassets */,
				5B7F773326E1FC020095E997 /* LaunchScreen.storyboard */,
				5B7F773626E1FC020095E997 /* Info.plist */,
				5B7F775B26E224CD0095E997 /* MovieViewController.swift */,
				5B7F779D26E482FA0095E997 /* MovieCell.swift */,
				5B37249526F695B400689023 /* MovieDetailsViewController.swift */,
				5B37249726FAFB1F00689023 /* MovieGridViewController.swift */,
				5B37249926FBE9F000689023 /* MovieGridCell.swift */,
			);
			path = Flix;
			sourceTree = "<group>";
		};
		5B7F773E26E1FC030095E997 /* FlixTests */ = {
			isa = PBXGroup;
			children = (
				5B7F773F26E1FC030095E997 /* assignment1Tests.swift */,
				5B7F774126E1FC030095E997 /* Info.plist */,
			);
			path = FlixTests;
			sourceTree = "<group>";
		};
		5B7F774926E1FC030095E997 /* FlixUITests */ = {
			isa = PBXGroup;
			children = (
				5B7F774A26E1FC030095E997 /* assignment1UITests.swift */,
				5B7F774C26E1FC030095E997 /* Info.plist */,
			);
			path = FlixUITests;
			sourceTree = "<group>";
		};
/* End PBXGroup section */

/* Begin PBXNativeTarget section */
		5B7F772426E1FBFF0095E997 /* Flix */ = {
			isa = PBXNativeTarget;
			buildConfigurationList = 5B7F774F26E1FC030095E997 /* Build configuration list for PBXNativeTarget "Flix" */;
			buildPhases = (
				5B7F772126E1FBFF0095E997 /* Sources */,
				5B7F772226E1FBFF0095E997 /* Frameworks */,
				5B7F772326E1FBFF0095E997 /* Resources */,
			);
			buildRules = (
			);
			dependencies = (
			);
			name = Flix;
			packageProductDependencies = (
				5B7F775926E20D1A0095E997 /* AlamofireImage */,
			);
			productName = assignment1;
			productReference = 5B7F772526E1FBFF0095E997 /* Flix.app */;
			productType = "com.apple.product-type.application";
		};
		5B7F773A26E1FC030095E997 /* FlixTests */ = {
			isa = PBXNativeTarget;
			buildConfigurationList = 5B7F775226E1FC030095E997 /* Build configuration list for PBXNativeTarget "FlixTests" */;
			buildPhases = (
				5B7F773726E1FC030095E997 /* Sources */,
				5B7F773826E1FC030095E997 /* Frameworks */,
				5B7F773926E1FC030095E997 /* Resources */,
			);
			buildRules = (
			);
			dependencies = (
				5B7F773D26E1FC030095E997 /* PBXTargetDependency */,
			);
			name = FlixTests;
			productName = assignment1Tests;
			productReference = 5B7F773B26E1FC030095E997 /* FlixTests.xctest */;
			productType = "com.apple.product-type.bundle.unit-test";
		};
		5B7F774526E1FC030095E997 /* FlixUITests */ = {
			isa = PBXNativeTarget;
			buildConfigurationList = 5B7F775526E1FC030095E997 /* Build configuration list for PBXNativeTarget "FlixUITests" */;
			buildPhases = (
				5B7F774226E1FC030095E997 /* Sources */,
				5B7F774326E1FC030095E997 /* Frameworks */,
				5B7F774426E1FC030095E997 /* Resources */,
			);
			buildRules = (
			);
			dependencies = (
				5B7F774826E1FC030095E997 /* PBXTargetDependency */,
			);
			name = FlixUITests;
			productName = assignment1UITests;
			productReference = 5B7F774626E1FC030095E997 /* FlixUITests.xctest */;
			productType = "com.apple.product-type.bundle.ui-testing";
		};
/* End PBXNativeTarget section */

/* Begin PBXProject section */
		5B7F771D26E1FBFF0095E997 /* Project object */ = {
			isa = PBXProject;
			attributes = {
				LastSwiftUpdateCheck = 1250;
				LastUpgradeCheck = 1250;
				TargetAttributes = {
					5B7F772426E1FBFF0095E997 = {
						CreatedOnToolsVersion = 12.5.1;
					};
					5B7F773A26E1FC030095E997 = {
						CreatedOnToolsVersion = 12.5.1;
						TestTargetID = 5B7F772426E1FBFF0095E997;
					};
					5B7F774526E1FC030095E997 = {
						CreatedOnToolsVersion = 12.5.1;
						TestTargetID = 5B7F772426E1FBFF0095E997;
					};
				};
			};
			buildConfigurationList = 5B7F772026E1FBFF0095E997 /* Build configuration list for PBXProject "Flix" */;
			compatibilityVersion = "Xcode 9.3";
			developmentRegion = en;
			hasScannedForEncodings = 0;
			knownRegions = (
				en,
				Base,
			);
			mainGroup = 5B7F771C26E1FBFF0095E997;
			packageReferences = (
				5B7F775826E20D1A0095E997 /* XCRemoteSwiftPackageReference "AlamofireImage" */,
			);
			productRefGroup = 5B7F772626E1FBFF0095E997 /* Products */;
			projectDirPath = "";
			projectRoot = "";
			targets = (
				5B7F772426E1FBFF0095E997 /* Flix */,
				5B7F773A26E1FC030095E997 /* FlixTests */,
				5B7F774526E1FC030095E997 /* FlixUITests */,
			);
		};
/* End PBXProject section */

/* Begin PBXResourcesBuildPhase section */
		5B7F772326E1FBFF0095E997 /* Resources */ = {
			isa = PBXResourcesBuildPhase;
			buildActionMask = 2147483647;
			files = (
				5B7F773526E1FC020095E997 /* LaunchScreen.storyboard in Resources */,
				5B7F773226E1FC020095E997 /* Assets.xcassets in Resources */,
				5B7F773026E1FBFF0095E997 /* Main.storyboard in Resources */,
			);
			runOnlyForDeploymentPostprocessing = 0;
		};
		5B7F773926E1FC030095E997 /* Resources */ = {
			isa = PBXResourcesBuildPhase;
			buildActionMask = 2147483647;
			files = (
			);
			runOnlyForDeploymentPostprocessing = 0;
		};
		5B7F774426E1FC030095E997 /* Resources */ = {
			isa = PBXResourcesBuildPhase;
			buildActionMask = 2147483647;
			files = (
			);
			runOnlyForDeploymentPostprocessing = 0;
		};
/* End PBXResourcesBuildPhase section */

/* Begin PBXSourcesBuildPhase section */
		5B7F772126E1FBFF0095E997 /* Sources */ = {
			isa = PBXSourcesBuildPhase;
			buildActionMask = 2147483647;
			files = (
				5B37249626F695B400689023 /* MovieDetailsViewController.swift in Sources */,
				5B7F772926E1FBFF0095E997 /* AppDelegate.swift in Sources */,
				5B7F772B26E1FBFF0095E997 /* SceneDelegate.swift in Sources */,
				5B7F779E26E482FA0095E997 /* MovieCell.swift in Sources */,
				5B7F775C26E224CD0095E997 /* MovieViewController.swift in Sources */,
				5B37249826FAFB1F00689023 /* MovieGridViewController.swift in Sources */,
				5B37249A26FBE9F000689023 /* MovieGridCell.swift in Sources */,
			);
			runOnlyForDeploymentPostprocessing = 0;
		};
		5B7F773726E1FC030095E997 /* Sources */ = {
			isa = PBXSourcesBuildPhase;
			buildActionMask = 2147483647;
			files = (
				5B7F774026E1FC030095E997 /* assignment1Tests.swift in Sources */,
			);
			runOnlyForDeploymentPostprocessing = 0;
		};
		5B7F774226E1FC030095E997 /* Sources */ = {
			isa = PBXSourcesBuildPhase;
			buildActionMask = 2147483647;
			files = (
				5B7F774B26E1FC030095E997 /* assignment1UITests.swift in Sources */,
			);
			runOnlyForDeploymentPostprocessing = 0;
		};
/* End PBXSourcesBuildPhase section */

/* Begin PBXTargetDependency section */
		5B7F773D26E1FC030095E997 /* PBXTargetDependency */ = {
			isa = PBXTargetDependency;
			target = 5B7F772426E1FBFF0095E997 /* Flix */;
			targetProxy = 5B7F773C26E1FC030095E997 /* PBXContainerItemProxy */;
		};
		5B7F774826E1FC030095E997 /* PBXTargetDependency */ = {
			isa = PBXTargetDependency;
			target = 5B7F772426E1FBFF0095E997 /* Flix */;
			targetProxy = 5B7F774726E1FC030095E997 /* PBXContainerItemProxy */;
		};
/* End PBXTargetDependency section */

/* Begin PBXVariantGroup section */
		5B7F772E26E1FBFF0095E997 /* Main.storyboard */ = {
			isa = PBXVariantGroup;
			children = (
				5B7F772F26E1FBFF0095E997 /* Base */,
			);
			name = Main.storyboard;
			sourceTree = "<group>";
		};
		5B7F773326E1FC020095E997 /* LaunchScreen.storyboard */ = {
			isa = PBXVariantGroup;
			children = (
				5B7F773426E1FC020095E997 /* Base */,
			);
			name = LaunchScreen.storyboard;
			sourceTree = "<group>";
		};
/* End PBXVariantGroup section */

/* Begin XCBuildConfiguration section */
		5B7F774D26E1FC030095E997 /* Debug */ = {
			isa = XCBuildConfiguration;
			buildSettings = {
				ALWAYS_SEARCH_USER_PATHS = NO;
				CLANG_ANALYZER_NONNULL = YES;
				CLANG_ANALYZER_NUMBER_OBJECT_CONVERSION = YES_AGGRESSIVE;
				CLANG_CXX_LANGUAGE_STANDARD = "gnu++14";
				CLANG_CXX_LIBRARY = "libc++";
				CLANG_ENABLE_MODULES = YES;
				CLANG_ENABLE_OBJC_ARC = YES;
				CLANG_ENABLE_OBJC_WEAK = YES;
				CLANG_WARN_BLOCK_CAPTURE_AUTORELEASING = YES;
				CLANG_WARN_BOOL_CONVERSION = YES;
				CLANG_WARN_COMMA = YES;
				CLANG_WARN_CONSTANT_CONVERSION = YES;
				CLANG_WARN_DEPRECATED_OBJC_IMPLEMENTATIONS = YES;
				CLANG_WARN_DIRECT_OBJC_ISA_USAGE = YES_ERROR;
				CLANG_WARN_DOCUMENTATION_COMMENTS = YES;
				CLANG_WARN_EMPTY_BODY = YES;
				CLANG_WARN_ENUM_CONVERSION = YES;
				CLANG_WARN_INFINITE_RECURSION = YES;
				CLANG_WARN_INT_CONVERSION = YES;
				CLANG_WARN_NON_LITERAL_NULL_CONVERSION = YES;
				CLANG_WARN_OBJC_IMPLICIT_RETAIN_SELF = YES;
				CLANG_WARN_OBJC_LITERAL_CONVERSION = YES;
				CLANG_WARN_OBJC_ROOT_CLASS = YES_ERROR;
				CLANG_WARN_QUOTED_INCLUDE_IN_FRAMEWORK_HEADER = YES;
				CLANG_WARN_RANGE_LOOP_ANALYSIS = YES;
				CLANG_WARN_STRICT_PROTOTYPES = YES;
				CLANG_WARN_SUSPICIOUS_MOVE = YES;
				CLANG_WARN_UNGUARDED_AVAILABILITY = YES_AGGRESSIVE;
				CLANG_WARN_UNREACHABLE_CODE = YES;
				CLANG_WARN__DUPLICATE_METHOD_MATCH = YES;
				COPY_PHASE_STRIP = NO;
				DEBUG_INFORMATION_FORMAT = dwarf;
				ENABLE_STRICT_OBJC_MSGSEND = YES;
				ENABLE_TESTABILITY = YES;
				GCC_C_LANGUAGE_STANDARD = gnu11;
				GCC_DYNAMIC_NO_PIC = NO;
				GCC_NO_COMMON_BLOCKS = YES;
				GCC_OPTIMIZATION_LEVEL = 0;
				GCC_PREPROCESSOR_DEFINITIONS = (
					"DEBUG=1",
					"$(inherited)",
				);
				GCC_WARN_64_TO_32_BIT_CONVERSION = YES;
				GCC_WARN_ABOUT_RETURN_TYPE = YES_ERROR;
				GCC_WARN_UNDECLARED_SELECTOR = YES;
				GCC_WARN_UNINITIALIZED_AUTOS = YES_AGGRESSIVE;
				GCC_WARN_UNUSED_FUNCTION = YES;
				GCC_WARN_UNUSED_VARIABLE = YES;
				IPHONEOS_DEPLOYMENT_TARGET = 14.5;
				MTL_ENABLE_DEBUG_INFO = INCLUDE_SOURCE;
				MTL_FAST_MATH = YES;
				ONLY_ACTIVE_ARCH = YES;
				SDKROOT = iphoneos;
				SWIFT_ACTIVE_COMPILATION_CONDITIONS = DEBUG;
				SWIFT_OPTIMIZATION_LEVEL = "-Onone";
			};
			name = Debug;
		};
		5B7F774E26E1FC030095E997 /* Release */ = {
			isa = XCBuildConfiguration;
			buildSettings = {
				ALWAYS_SEARCH_USER_PATHS = NO;
				CLANG_ANALYZER_NONNULL = YES;
				CLANG_ANALYZER_NUMBER_OBJECT_CONVERSION = YES_AGGRESSIVE;
				CLANG_CXX_LANGUAGE_STANDARD = "gnu++14";
				CLANG_CXX_LIBRARY = "libc++";
				CLANG_ENABLE_MODULES = YES;
				CLANG_ENABLE_OBJC_ARC = YES;
				CLANG_ENABLE_OBJC_WEAK = YES;
				CLANG_WARN_BLOCK_CAPTURE_AUTORELEASING = YES;
				CLANG_WARN_BOOL_CONVERSION = YES;
				CLANG_WARN_COMMA = YES;
				CLANG_WARN_CONSTANT_CONVERSION = YES;
				CLANG_WARN_DEPRECATED_OBJC_IMPLEMENTATIONS = YES;
				CLANG_WARN_DIRECT_OBJC_ISA_USAGE = YES_ERROR;
				CLANG_WARN_DOCUMENTATION_COMMENTS = YES;
				CLANG_WARN_EMPTY_BODY = YES;
				CLANG_WARN_ENUM_CONVERSION = YES;
				CLANG_WARN_INFINITE_RECURSION = YES;
				CLANG_WARN_INT_CONVERSION = YES;
				CLANG_WARN_NON_LITERAL_NULL_CONVERSION = YES;
				CLANG_WARN_OBJC_IMPLICIT_RETAIN_SELF = YES;
				CLANG_WARN_OBJC_LITERAL_CONVERSION = YES;
				CLANG_WARN_OBJC_ROOT_CLASS = YES_ERROR;
				CLANG_WARN_QUOTED_INCLUDE_IN_FRAMEWORK_HEADER = YES;
				CLANG_WARN_RANGE_LOOP_ANALYSIS = YES;
				CLANG_WARN_STRICT_PROTOTYPES = YES;
				CLANG_WARN_SUSPICIOUS_MOVE = YES;
				CLANG_WARN_UNGUARDED_AVAILABILITY = YES_AGGRESSIVE;
				CLANG_WARN_UNREACHABLE_CODE = YES;
				CLANG_WARN__DUPLICATE_METHOD_MATCH = YES;
				COPY_PHASE_STRIP = NO;
				DEBUG_INFORMATION_FORMAT = "dwarf-with-dsym";
				ENABLE_NS_ASSERTIONS = NO;
				ENABLE_STRICT_OBJC_MSGSEND = YES;
				GCC_C_LANGUAGE_STANDARD = gnu11;
				GCC_NO_COMMON_BLOCKS = YES;
				GCC_WARN_64_TO_32_BIT_CONVERSION = YES;
				GCC_WARN_ABOUT_RETURN_TYPE = YES_ERROR;
				GCC_WARN_UNDECLARED_SELECTOR = YES;
				GCC_WARN_UNINITIALIZED_AUTOS = YES_AGGRESSIVE;
				GCC_WARN_UNUSED_FUNCTION = YES;
				GCC_WARN_UNUSED_VARIABLE = YES;
				IPHONEOS_DEPLOYMENT_TARGET = 14.5;
				MTL_ENABLE_DEBUG_INFO = NO;
				MTL_FAST_MATH = YES;
				SDKROOT = iphoneos;
				SWIFT_COMPILATION_MODE = wholemodule;
				SWIFT_OPTIMIZATION_LEVEL = "-O";
				VALIDATE_PRODUCT = YES;
			};
			name = Release;
		};
		5B7F775026E1FC030095E997 /* Debug */ = {
			isa = XCBuildConfiguration;
			buildSettings = {
				ASSETCATALOG_COMPILER_APPICON_NAME = AppIcon;
				ASSETCATALOG_COMPILER_GLOBAL_ACCENT_COLOR_NAME = AccentColor;
				CODE_SIGN_STYLE = Automatic;
				INFOPLIST_FILE = assignment1/Info.plist;
				LD_RUNPATH_SEARCH_PATHS = (
					"$(inherited)",
					"@executable_path/Frameworks",
				);
				PRODUCT_BUNDLE_IDENTIFIER = memo.com.assignment1;
				PRODUCT_NAME = "$(TARGET_NAME)";
				SWIFT_VERSION = 5.0;
				TARGETED_DEVICE_FAMILY = "1,2";
			};
			name = Debug;
		};
		5B7F775126E1FC030095E997 /* Release */ = {
			isa = XCBuildConfiguration;
			buildSettings = {
				ASSETCATALOG_COMPILER_APPICON_NAME = AppIcon;
				ASSETCATALOG_COMPILER_GLOBAL_ACCENT_COLOR_NAME = AccentColor;
				CODE_SIGN_STYLE = Automatic;
				INFOPLIST_FILE = assignment1/Info.plist;
				LD_RUNPATH_SEARCH_PATHS = (
					"$(inherited)",
					"@executable_path/Frameworks",
				);
				PRODUCT_BUNDLE_IDENTIFIER = memo.com.assignment1;
				PRODUCT_NAME = "$(TARGET_NAME)";
				SWIFT_VERSION = 5.0;
				TARGETED_DEVICE_FAMILY = "1,2";
			};
			name = Release;
		};
		5B7F775326E1FC030095E997 /* Debug */ = {
			isa = XCBuildConfiguration;
			buildSettings = {
				ALWAYS_EMBED_SWIFT_STANDARD_LIBRARIES = YES;
				BUNDLE_LOADER = "$(TEST_HOST)";
				CODE_SIGN_STYLE = Automatic;
				INFOPLIST_FILE = assignment1Tests/Info.plist;
				IPHONEOS_DEPLOYMENT_TARGET = 14.5;
				LD_RUNPATH_SEARCH_PATHS = (
					"$(inherited)",
					"@executable_path/Frameworks",
					"@loader_path/Frameworks",
				);
				PRODUCT_BUNDLE_IDENTIFIER = memo.com.assignment1Tests;
				PRODUCT_NAME = "$(TARGET_NAME)";
				SWIFT_VERSION = 5.0;
				TARGETED_DEVICE_FAMILY = "1,2";
				TEST_HOST = "$(BUILT_PRODUCTS_DIR)/Flix.app/Flix";
			};
			name = Debug;
		};
		5B7F775426E1FC030095E997 /* Release */ = {
			isa = XCBuildConfiguration;
			buildSettings = {
				ALWAYS_EMBED_SWIFT_STANDARD_LIBRARIES = YES;
				BUNDLE_LOADER = "$(TEST_HOST)";
				CODE_SIGN_STYLE = Automatic;
				INFOPLIST_FILE = assignment1Tests/Info.plist;
				IPHONEOS_DEPLOYMENT_TARGET = 14.5;
				LD_RUNPATH_SEARCH_PATHS = (
					"$(inherited)",
					"@executable_path/Frameworks",
					"@loader_path/Frameworks",
				);
				PRODUCT_BUNDLE_IDENTIFIER = memo.com.assignment1Tests;
				PRODUCT_NAME = "$(TARGET_NAME)";
				SWIFT_VERSION = 5.0;
				TARGETED_DEVICE_FAMILY = "1,2";
				TEST_HOST = "$(BUILT_PRODUCTS_DIR)/Flix.app/Flix";
			};
			name = Release;
		};
		5B7F775626E1FC030095E997 /* Debug */ = {
			isa = XCBuildConfiguration;
			buildSettings = {
				ALWAYS_EMBED_SWIFT_STANDARD_LIBRARIES = YES;
				CODE_SIGN_STYLE = Automatic;
				INFOPLIST_FILE = assignment1UITests/Info.plist;
				LD_RUNPATH_SEARCH_PATHS = (
					"$(inherited)",
					"@executable_path/Frameworks",
					"@loader_path/Frameworks",
				);
				PRODUCT_BUNDLE_IDENTIFIER = memo.com.assignment1UITests;
				PRODUCT_NAME = "$(TARGET_NAME)";
				SWIFT_VERSION = 5.0;
				TARGETED_DEVICE_FAMILY = "1,2";
				TEST_TARGET_NAME = assignment1;
			};
			name = Debug;
		};
		5B7F775726E1FC030095E997 /* Release */ = {
			isa = XCBuildConfiguration;
			buildSettings = {
				ALWAYS_EMBED_SWIFT_STANDARD_LIBRARIES = YES;
				CODE_SIGN_STYLE = Automatic;
				INFOPLIST_FILE = assignment1UITests/Info.plist;
				LD_RUNPATH_SEARCH_PATHS = (
					"$(inherited)",
					"@executable_path/Frameworks",
					"@loader_path/Frameworks",
				);
				PRODUCT_BUNDLE_IDENTIFIER = memo.com.assignment1UITests;
				PRODUCT_NAME = "$(TARGET_NAME)";
				SWIFT_VERSION = 5.0;
				TARGETED_DEVICE_FAMILY = "1,2";
				TEST_TARGET_NAME = assignment1;
			};
			name = Release;
		};
/* End XCBuildConfiguration section */

/* Begin XCConfigurationList section */
		5B7F772026E1FBFF0095E997 /* Build configuration list for PBXProject "Flix" */ = {
			isa = XCConfigurationList;
			buildConfigurations = (
				5B7F774D26E1FC030095E997 /* Debug */,
				5B7F774E26E1FC030095E997 /* Release */,
			);
			defaultConfigurationIsVisible = 0;
			defaultConfigurationName = Release;
		};
		5B7F774F26E1FC030095E997 /* Build configuration list for PBXNativeTarget "Flix" */ = {
			isa = XCConfigurationList;
			buildConfigurations = (
				5B7F775026E1FC030095E997 /* Debug */,
				5B7F775126E1FC030095E997 /* Release */,
			);
			defaultConfigurationIsVisible = 0;
			defaultConfigurationName = Release;
		};
		5B7F775226E1FC030095E997 /* Build configuration list for PBXNativeTarget "FlixTests" */ = {
			isa = XCConfigurationList;
			buildConfigurations = (
				5B7F775326E1FC030095E997 /* Debug */,
				5B7F775426E1FC030095E997 /* Release */,
			);
			defaultConfigurationIsVisible = 0;
			defaultConfigurationName = Release;
		};
		5B7F775526E1FC030095E997 /* Build configuration list for PBXNativeTarget "FlixUITests" */ = {
			isa = XCConfigurationList;
			buildConfigurations = (
				5B7F775626E1FC030095E997 /* Debug */,
				5B7F775726E1FC030095E997 /* Release */,
			);
			defaultConfigurationIsVisible = 0;
			defaultConfigurationName = Release;
		};
/* End XCConfigurationList section */

/* Begin XCRemoteSwiftPackageReference section */
		5B7F775826E20D1A0095E997 /* XCRemoteSwiftPackageReference "AlamofireImage" */ = {
			isa = XCRemoteSwiftPackageReference;
			repositoryURL = "https://github.com/Alamofire/AlamofireImage";
			requirement = {
				kind = upToNextMajorVersion;
				minimumVersion = 4.2.0;
			};
		};
/* End XCRemoteSwiftPackageReference section */

/* Begin XCSwiftPackageProductDependency section */
		5B7F775926E20D1A0095E997 /* AlamofireImage */ = {
			isa = XCSwiftPackageProductDependency;
			package = 5B7F775826E20D1A0095E997 /* XCRemoteSwiftPackageReference "AlamofireImage" */;
			productName = AlamofireImage;
		};
/* End XCSwiftPackageProductDependency section */
	};
	rootObject = 5B7F771D26E1FBFF0095E997 /* Project object */;
}
